{
  "name": "spotify-app",
  "version": "1.0.0",
  "lockfileVersion": 3,
  "requires": true,
  "packages": {
    "": {
      "name": "spotify-app",
      "version": "1.0.0",
      "license": "ISC",
      "dependencies": {
        "@fontsource/poppins": "^5.2.7",
        "@fontsource/roboto": "^5.2.10"
      }
    },
    "node_modules/@fontsource/poppins": {
      "version": "5.2.7",
      "resolved": "https://registry.npmjs.org/@fontsource/poppins/-/poppins-5.2.7.tgz",
      "integrity": "sha512-6uQyPmseo4FgI97WIhA4yWRlNaoLk4vSDK/PyRwdqqZb5zAEuc+Kunt8JTMcsHYUEGYBtN15SNkMajMdqUSUmg==",
      "license": "OFL-1.1",
      "funding": {
        "url": "https://github.com/sponsors/ayuhito"
      }
    },
    "node_modules/@fontsource/roboto": {
      "version": "5.2.10",
      "resolved": "https://registry.npmjs.org/@fontsource/roboto/-/roboto-5.2.10.tgz",
      "integrity": "sha512-8HlA5FtSfz//oFSr2eL7GFXAiE7eIkcGOtx7tjsLKq+as702x9+GU7K95iDeWFapHC4M2hv9RrpXKRTGGBI8Zg==",
      "license": "OFL-1.1",
      "funding": {
        "url": "https://github.com/sponsors/ayuhito"
      }
    }
  }
}
